// !$*UTF8*$!
{
	archiveVersion = 1;
	classes = {
	};
	objectVersion = 50;
	objects = {

/* Begin PBXBuildFile section */
		32FB9EF5240FF4C200EDF571 /* AppDelegate.swift in Sources */ = {isa = PBXBuildFile; fileRef = 32FB9EF4240FF4C200EDF571 /* AppDelegate.swift */; };
		32FB9EF7240FF4C200EDF571 /* SceneDelegate.swift in Sources */ = {isa = PBXBuildFile; fileRef = 32FB9EF6240FF4C200EDF571 /* SceneDelegate.swift */; };
		32FB9EF9240FF4C200EDF571 /* ViewController.swift in Sources */ = {isa = PBXBuildFile; fileRef = 32FB9EF8240FF4C200EDF571 /* ViewController.swift */; };
		32FB9EFC240FF4C200EDF571 /* Main.storyboard in Resources */ = {isa = PBXBuildFile; fileRef = 32FB9EFA240FF4C200EDF571 /* Main.storyboard */; };
		32FB9EFE240FF4C500EDF571 /* Assets.xcassets in Resources */ = {isa = PBXBuildFile; fileRef = 32FB9EFD240FF4C500EDF571 /* Assets.xcassets */; };
		32FB9F01240FF4C500EDF571 /* LaunchScreen.storyboard in Resources */ = {isa = PBXBuildFile; fileRef = 32FB9EFF240FF4C500EDF571 /* LaunchScreen.storyboard */; };
		32FB9F0C240FF4C600EDF571 /* Loan_CalculatorTests.swift in Sources */ = {isa = PBXBuildFile; fileRef = 32FB9F0B240FF4C600EDF571 /* Loan_CalculatorTests.swift */; };
		32FB9F17240FF4C600EDF571 /* Loan_CalculatorUITests.swift in Sources */ = {isa = PBXBuildFile; fileRef = 32FB9F16240FF4C600EDF571 /* Loan_CalculatorUITests.swift */; };
/* End PBXBuildFile section */

/* Begin PBXContainerItemProxy section */
		32FB9F08240FF4C600EDF571 /* PBXContainerItemProxy */ = {
			isa = PBXContainerItemProxy;
			containerPortal = 32FB9EE9240FF4C200EDF571 /* Project object */;
			proxyType = 1;
			remoteGlobalIDString = 32FB9EF0240FF4C200EDF571;
			remoteInfo = "Loan Calculator";
		};
		32FB9F13240FF4C600EDF571 /* PBXContainerItemProxy */ = {
			isa = PBXContainerItemProxy;
			containerPortal = 32FB9EE9240FF4C200EDF571 /* Project object */;
			proxyType = 1;
			remoteGlobalIDString = 32FB9EF0240FF4C200EDF571;
			remoteInfo = "Loan Calculator";
		};
/* End PBXContainerItemProxy section */

/* Begin PBXFileReference section */
		32FB9EF1240FF4C200EDF571 /* Loan Calculator.app */ = {isa = PBXFileReference; explicitFileType = wrapper.application; includeInIndex = 0; path = "Loan Calculator.app"; sourceTree = BUILT_PRODUCTS_DIR; };
		32FB9EF4240FF4C200EDF571 /* AppDelegate.swift */ = {isa = PBXFileReference; lastKnownFileType = sourcecode.swift; path = AppDelegate.swift; sourceTree = "<group>"; };
		32FB9EF6240FF4C200EDF571 /* SceneDelegate.swift */ = {isa = PBXFileReference; lastKnownFileType = sourcecode.swift; path = SceneDelegate.swift; sourceTree = "<group>"; };
		32FB9EF8240FF4C200EDF571 /* ViewController.swift */ = {isa = PBXFileReference; lastKnownFileType = sourcecode.swift; path = ViewController.swift; sourceTree = "<group>"; };
		32FB9EFB240FF4C200EDF571 /* Base */ = {isa = PBXFileReference; lastKnownFileType = file.storyboard; name = Base; path = Base.lproj/Main.storyboard; sourceTree = "<group>"; };
		32FB9EFD240FF4C500EDF571 /* Assets.xcassets */ = {isa = PBXFileReference; lastKnownFileType = folder.assetcatalog; path = Assets.xcassets; sourceTree = "<group>"; };
		32FB9F00240FF4C500EDF571 /* Base */ = {isa = PBXFileReference; lastKnownFileType = file.storyboard; name = Base; path = Base.lproj/LaunchScreen.storyboard; sourceTree = "<group>"; };
		32FB9F02240FF4C500EDF571 /* Info.plist */ = {isa = PBXFileReference; lastKnownFileType = text.plist.xml; path = Info.plist; sourceTree = "<group>"; };
		32FB9F07240FF4C600EDF571 /* Loan CalculatorTests.xctest */ = {isa = PBXFileReference; explicitFileType = wrapper.cfbundle; includeInIndex = 0; path = "Loan CalculatorTests.xctest"; sourceTree = BUILT_PRODUCTS_DIR; };
		32FB9F0B240FF4C600EDF571 /* Loan_CalculatorTests.swift */ = {isa = PBXFileReference; lastKnownFileType = sourcecode.swift; path = Loan_CalculatorTests.swift; sourceTree = "<group>"; };
		32FB9F0D240FF4C600EDF571 /* Info.plist */ = {isa = PBXFileReference; lastKnownFileType = text.plist.xml; path = Info.plist; sourceTree = "<group>"; };
		32FB9F12240FF4C600EDF571 /* Loan CalculatorUITests.xctest */ = {isa = PBXFileReference; explicitFileType = wrapper.cfbundle; includeInIndex = 0; path = "Loan CalculatorUITests.xctest"; sourceTree = BUILT_PRODUCTS_DIR; };
		32FB9F16240FF4C600EDF571 /* Loan_CalculatorUITests.swift */ = {isa = PBXFileReference; lastKnownFileType = sourcecode.swift; path = Loan_CalculatorUITests.swift; sourceTree = "<group>"; };
		32FB9F18240FF4C600EDF571 /* Info.plist */ = {isa = PBXFileReference; lastKnownFileType = text.plist.xml; path = Info.plist; sourceTree = "<group>"; };
/* End PBXFileReference section */

/* Begin PBXFrameworksBuildPhase section */
		32FB9EEE240FF4C200EDF571 /* Frameworks */ = {
			isa = PBXFrameworksBuildPhase;
			buildActionMask = 2147483647;
			files = (
			);
			runOnlyForDeploymentPostprocessing = 0;
		};
		32FB9F04240FF4C600EDF571 /* Frameworks */ = {
			isa = PBXFrameworksBuildPhase;
			buildActionMask = 2147483647;
			files = (
			);
			runOnlyForDeploymentPostprocessing = 0;
		};
		32FB9F0F240FF4C600EDF571 /* Frameworks */ = {
			isa = PBXFrameworksBuildPhase;
			buildActionMask = 2147483647;
			files = (
			);
			runOnlyForDeploymentPostprocessing = 0;
		};
/* End PBXFrameworksBuildPhase section */

/* Begin PBXGroup section */
		32FB9EE8240FF4C200EDF571 = {
			isa = PBXGroup;
			children = (
				32FB9EF3240FF4C200EDF571 /* Loan Calculator */,
				32FB9F0A240FF4C600EDF571 /* Loan CalculatorTests */,
				32FB9F15240FF4C600EDF571 /* Loan CalculatorUITests */,
				32FB9EF2240FF4C200EDF571 /* Products */,
			);
			sourceTree = "<group>";
		};
		32FB9EF2240FF4C200EDF571 /* Products */ = {
			isa = PBXGroup;
			children = (
				32FB9EF1240FF4C200EDF571 /* Loan Calculator.app */,
				32FB9F07240FF4C600EDF571 /* Loan CalculatorTests.xctest */,
				32FB9F12240FF4C600EDF571 /* Loan CalculatorUITests.xctest */,
			);
			name = Products;
			sourceTree = "<group>";
		};
		32FB9EF3240FF4C200EDF571 /* Loan Calculator */ = {
			isa = PBXGroup;
			children = (
				32FB9EF4240FF4C200EDF571 /* AppDelegate.swift */,
				32FB9EF6240FF4C200EDF571 /* SceneDelegate.swift */,
				32FB9EF8240FF4C200EDF571 /* ViewController.swift */,
				32FB9EFA240FF4C200EDF571 /* Main.storyboard */,
				32FB9EFD240FF4C500EDF571 /* Assets.xcassets */,
				32FB9EFF240FF4C500EDF571 /* LaunchScreen.storyboard */,
				32FB9F02240FF4C500EDF571 /* Info.plist */,
			);
			path = "Loan Calculator";
			sourceTree = "<group>";
		};
		32FB9F0A240FF4C600EDF571 /* Loan CalculatorTests */ = {
			isa = PBXGroup;
			children = (
				32FB9F0B240FF4C600EDF571 /* Loan_CalculatorTests.swift */,
				32FB9F0D240FF4C600EDF571 /* Info.plist */,
			);
			path = "Loan CalculatorTests";
			sourceTree = "<group>";
		};
		32FB9F15240FF4C600EDF571 /* Loan CalculatorUITests */ = {
			isa = PBXGroup;
			children = (
				32FB9F16240FF4C600EDF571 /* Loan_CalculatorUITests.swift */,
				32FB9F18240FF4C600EDF571 /* Info.plist */,
			);
			path = "Loan CalculatorUITests";
			sourceTree = "<group>";
		};
/* End PBXGroup section */

/* Begin PBXNativeTarget section */
		32FB9EF0240FF4C200EDF571 /* Loan Calculator */ = {
			isa = PBXNativeTarget;
			buildConfigurationList = 32FB9F1B240FF4C600EDF571 /* Build configuration list for PBXNativeTarget "Loan Calculator" */;
			buildPhases = (
				32FB9EED240FF4C200EDF571 /* Sources */,
				32FB9EEE240FF4C200EDF571 /* Frameworks */,
				32FB9EEF240FF4C200EDF571 /* Resources */,
			);
			buildRules = (
			);
			dependencies = (
			);
			name = "Loan Calculator";
			productName = "Loan Calculator";
			productReference = 32FB9EF1240FF4C200EDF571 /* Loan Calculator.app */;
			productType = "com.apple.product-type.application";
		};
		32FB9F06240FF4C600EDF571 /* Loan CalculatorTests */ = {
			isa = PBXNativeTarget;
			buildConfigurationList = 32FB9F1E240FF4C600EDF571 /* Build configuration list for PBXNativeTarget "Loan CalculatorTests" */;
			buildPhases = (
				32FB9F03240FF4C600EDF571 /* Sources */,
				32FB9F04240FF4C600EDF571 /* Frameworks */,
				32FB9F05240FF4C600EDF571 /* Resources */,
			);
			buildRules = (
			);
			dependencies = (
				32FB9F09240FF4C600EDF571 /* PBXTargetDependency */,
			);
			name = "Loan CalculatorTests";
			productName = "Loan CalculatorTests";
			productReference = 32FB9F07240FF4C600EDF571 /* Loan CalculatorTests.xctest */;
			productType = "com.apple.product-type.bundle.unit-test";
		};
		32FB9F11240FF4C600EDF571 /* Loan CalculatorUITests */ = {
			isa = PBXNativeTarget;
			buildConfigurationList = 32FB9F21240FF4C600EDF571 /* Build configuration list for PBXNativeTarget "Loan CalculatorUITests" */;
			buildPhases = (
				32FB9F0E240FF4C600EDF571 /* Sources */,
				32FB9F0F240FF4C600EDF571 /* Frameworks */,
				32FB9F10240FF4C600EDF571 /* Resources */,
			);
			buildRules = (
			);
			dependencies = (
				32FB9F14240FF4C600EDF571 /* PBXTargetDependency */,
			);
			name = "Loan CalculatorUITests";
			productName = "Loan CalculatorUITests";
			productReference = 32FB9F12240FF4C600EDF571 /* Loan CalculatorUITests.xctest */;
			productType = "com.apple.product-type.bundle.ui-testing";
		};
/* End PBXNativeTarget section */

/* Begin PBXProject section */
		32FB9EE9240FF4C200EDF571 /* Project object */ = {
			isa = PBXProject;
			attributes = {
				LastSwiftUpdateCheck = 1130;
				LastUpgradeCheck = 1130;
				ORGANIZATIONNAME = "Noel Maldonado";
				TargetAttributes = {
					32FB9EF0240FF4C200EDF571 = {
						CreatedOnToolsVersion = 11.3.1;
					};
					32FB9F06240FF4C600EDF571 = {
						CreatedOnToolsVersion = 11.3.1;
						TestTargetID = 32FB9EF0240FF4C200EDF571;
					};
					32FB9F11240FF4C600EDF571 = {
						CreatedOnToolsVersion = 11.3.1;
						TestTargetID = 32FB9EF0240FF4C200EDF571;
					};
				};
			};
			buildConfigurationList = 32FB9EEC240FF4C200EDF571 /* Build configuration list for PBXProject "Loan Calculator" */;
			compatibilityVersion = "Xcode 9.3";
			developmentRegion = en;
			hasScannedForEncodings = 0;
			knownRegions = (
				en,
				Base,
			);
			mainGroup = 32FB9EE8240FF4C200EDF571;
			productRefGroup = 32FB9EF2240FF4C200EDF571 /* Products */;
			projectDirPath = "";
			projectRoot = "";
			targets = (
				32FB9EF0240FF4C200EDF571 /* Loan Calculator */,
				32FB9F06240FF4C600EDF571 /* Loan CalculatorTests */,
				32FB9F11240FF4C600EDF571 /* Loan CalculatorUITests */,
			);
		};
/* End PBXProject section */

/* Begin PBXResourcesBuildPhase section */
		32FB9EEF240FF4C200EDF571 /* Resources */ = {
			isa = PBXResourcesBuildPhase;
			buildActionMask = 2147483647;
			files = (
				32FB9F01240FF4C500EDF571 /* LaunchScreen.storyboard in Resources */,
				32FB9EFE240FF4C500EDF571 /* Assets.xcassets in Resources */,
				32FB9EFC240FF4C200EDF571 /* Main.storyboard in Resources */,
			);
			runOnlyForDeploymentPostprocessing = 0;
		};
		32FB9F05240FF4C600EDF571 /* Resources */ = {
			isa = PBXResourcesBuildPhase;
			buildActionMask = 2147483647;
			files = (
			);
			runOnlyForDeploymentPostprocessing = 0;
		};
		32FB9F10240FF4C600EDF571 /* Resources */ = {
			isa = PBXResourcesBuildPhase;
			buildActionMask = 2147483647;
			files = (
			);
			runOnlyForDeploymentPostprocessing = 0;
		};
/* End PBXResourcesBuildPhase section */

/* Begin PBXSourcesBuildPhase section */
		32FB9EED240FF4C200EDF571 /* Sources */ = {
			isa = PBXSourcesBuildPhase;
			buildActionMask = 2147483647;
			files = (
				32FB9EF9240FF4C200EDF571 /* ViewController.swift in Sources */,
				32FB9EF5240FF4C200EDF571 /* AppDelegate.swift in Sources */,
				32FB9EF7240FF4C200EDF571 /* SceneDelegate.swift in Sources */,
			);
			runOnlyForDeploymentPostprocessing = 0;
		};
		32FB9F03240FF4C600EDF571 /* Sources */ = {
			isa = PBXSourcesBuildPhase;
			buildActionMask = 2147483647;
			files = (
				32FB9F0C240FF4C600EDF571 /* Loan_CalculatorTests.swift in Sources */,
			);
			runOnlyForDeploymentPostprocessing = 0;
		};
		32FB9F0E240FF4C600EDF571 /* Sources */ = {
			isa = PBXSourcesBuildPhase;
			buildActionMask = 2147483647;
			files = (
				32FB9F17240FF4C600EDF571 /* Loan_CalculatorUITests.swift in Sources */,
			);
			runOnlyForDeploymentPostprocessing = 0;
		};
/* End PBXSourcesBuildPhase section */

/* Begin PBXTargetDependency section */
		32FB9F09240FF4C600EDF571 /* PBXTargetDependency */ = {
			isa = PBXTargetDependency;
			target = 32FB9EF0240FF4C200EDF571 /* Loan Calculator */;
			targetProxy = 32FB9F08240FF4C600EDF571 /* PBXContainerItemProxy */;
		};
		32FB9F14240FF4C600EDF571 /* PBXTargetDependency */ = {
			isa = PBXTargetDependency;
			target = 32FB9EF0240FF4C200EDF571 /* Loan Calculator */;
			targetProxy = 32FB9F13240FF4C600EDF571 /* PBXContainerItemProxy */;
		};
/* End PBXTargetDependency section */

/* Begin PBXVariantGroup section */
		32FB9EFA240FF4C200EDF571 /* Main.storyboard */ = {
			isa = PBXVariantGroup;
			children = (
				32FB9EFB240FF4C200EDF571 /* Base */,
			);
			name = Main.storyboard;
			sourceTree = "<group>";
		};
		32FB9EFF240FF4C500EDF571 /* LaunchScreen.storyboard */ = {
			isa = PBXVariantGroup;
			children = (
				32FB9F00240FF4C500EDF571 /* Base */,
			);
			name = LaunchScreen.storyboard;
			sourceTree = "<group>";
		};
/* End PBXVariantGroup section */

/* Begin XCBuildConfiguration section */
		32FB9F19240FF4C600EDF571 /* Debug */ = {
			isa = XCBuildConfiguration;
			buildSettings = {
				ALWAYS_SEARCH_USER_PATHS = NO;
				CLANG_ANALYZER_NONNULL = YES;
				CLANG_ANALYZER_NUMBER_OBJECT_CONVERSION = YES_AGGRESSIVE;
				CLANG_CXX_LANGUAGE_STANDARD = "gnu++14";
				CLANG_CXX_LIBRARY = "libc++";
				CLANG_ENABLE_MODULES = YES;
				CLANG_ENABLE_OBJC_ARC = YES;
				CLANG_ENABLE_OBJC_WEAK = YES;
				CLANG_WARN_BLOCK_CAPTURE_AUTORELEASING = YES;
				CLANG_WARN_BOOL_CONVERSION = YES;
				CLANG_WARN_COMMA = YES;
				CLANG_WARN_CONSTANT_CONVERSION = YES;
				CLANG_WARN_DEPRECATED_OBJC_IMPLEMENTATIONS = YES;
				CLANG_WARN_DIRECT_OBJC_ISA_USAGE = YES_ERROR;
				CLANG_WARN_DOCUMENTATION_COMMENTS = YES;
				CLANG_WARN_EMPTY_BODY = YES;
				CLANG_WARN_ENUM_CONVERSION = YES;
				CLANG_WARN_INFINITE_RECURSION = YES;
				CLANG_WARN_INT_CONVERSION = YES;
				CLANG_WARN_NON_LITERAL_NULL_CONVERSION = YES;
				CLANG_WARN_OBJC_IMPLICIT_RETAIN_SELF = YES;
				CLANG_WARN_OBJC_LITERAL_CONVERSION = YES;
				CLANG_WARN_OBJC_ROOT_CLASS = YES_ERROR;
				CLANG_WARN_RANGE_LOOP_ANALYSIS = YES;
				CLANG_WARN_STRICT_PROTOTYPES = YES;
				CLANG_WARN_SUSPICIOUS_MOVE = YES;
				CLANG_WARN_UNGUARDED_AVAILABILITY = YES_AGGRESSIVE;
				CLANG_WARN_UNREACHABLE_CODE = YES;
				CLANG_WARN__DUPLICATE_METHOD_MATCH = YES;
				COPY_PHASE_STRIP = NO;
				DEBUG_INFORMATION_FORMAT = dwarf;
				ENABLE_STRICT_OBJC_MSGSEND = YES;
				ENABLE_TESTABILITY = YES;
				GCC_C_LANGUAGE_STANDARD = gnu11;
				GCC_DYNAMIC_NO_PIC = NO;
				GCC_NO_COMMON_BLOCKS = YES;
				GCC_OPTIMIZATION_LEVEL = 0;
				GCC_PREPROCESSOR_DEFINITIONS = (
					"DEBUG=1",
					"$(inherited)",
				);
				GCC_WARN_64_TO_32_BIT_CONVERSION = YES;
				GCC_WARN_ABOUT_RETURN_TYPE = YES_ERROR;
				GCC_WARN_UNDECLARED_SELECTOR = YES;
				GCC_WARN_UNINITIALIZED_AUTOS = YES_AGGRESSIVE;
				GCC_WARN_UNUSED_FUNCTION = YES;
				GCC_WARN_UNUSED_VARIABLE = YES;
				IPHONEOS_DEPLOYMENT_TARGET = 13.2;
				MTL_ENABLE_DEBUG_INFO = INCLUDE_SOURCE;
				MTL_FAST_MATH = YES;
				ONLY_ACTIVE_ARCH = YES;
				SDKROOT = iphoneos;
				SWIFT_ACTIVE_COMPILATION_CONDITIONS = DEBUG;
				SWIFT_OPTIMIZATION_LEVEL = "-Onone";
			};
			name = Debug;
		};
		32FB9F1A240FF4C600EDF571 /* Release */ = {
			isa = XCBuildConfiguration;
			buildSettings = {
				ALWAYS_SEARCH_USER_PATHS = NO;
				CLANG_ANALYZER_NONNULL = YES;
				CLANG_ANALYZER_NUMBER_OBJECT_CONVERSION = YES_AGGRESSIVE;
				CLANG_CXX_LANGUAGE_STANDARD = "gnu++14";
				CLANG_CXX_LIBRARY = "libc++";
				CLANG_ENABLE_MODULES = YES;
				CLANG_ENABLE_OBJC_ARC = YES;
				CLANG_ENABLE_OBJC_WEAK = YES;
				CLANG_WARN_BLOCK_CAPTURE_AUTORELEASING = YES;
				CLANG_WARN_BOOL_CONVERSION = YES;
				CLANG_WARN_COMMA = YES;
				CLANG_WARN_CONSTANT_CONVERSION = YES;
				CLANG_WARN_DEPRECATED_OBJC_IMPLEMENTATIONS = YES;
				CLANG_WARN_DIRECT_OBJC_ISA_USAGE = YES_ERROR;
				CLANG_WARN_DOCUMENTATION_COMMENTS = YES;
				CLANG_WARN_EMPTY_BODY = YES;
				CLANG_WARN_ENUM_CONVERSION = YES;
				CLANG_WARN_INFINITE_RECURSION = YES;
				CLANG_WARN_INT_CONVERSION = YES;
				CLANG_WARN_NON_LITERAL_NULL_CONVERSION = YES;
				CLANG_WARN_OBJC_IMPLICIT_RETAIN_SELF = YES;
				CLANG_WARN_OBJC_LITERAL_CONVERSION = YES;
				CLANG_WARN_OBJC_ROOT_CLASS = YES_ERROR;
				CLANG_WARN_RANGE_LOOP_ANALYSIS = YES;
				CLANG_WARN_STRICT_PROTOTYPES = YES;
				CLANG_WARN_SUSPICIOUS_MOVE = YES;
				CLANG_WARN_UNGUARDED_AVAILABILITY = YES_AGGRESSIVE;
				CLANG_WARN_UNREACHABLE_CODE = YES;
				CLANG_WARN__DUPLICATE_METHOD_MATCH = YES;
				COPY_PHASE_STRIP = NO;
				DEBUG_INFORMATION_FORMAT = "dwarf-with-dsym";
				ENABLE_NS_ASSERTIONS = NO;
				ENABLE_STRICT_OBJC_MSGSEND = YES;
				GCC_C_LANGUAGE_STANDARD = gnu11;
				GCC_NO_COMMON_BLOCKS = YES;
				GCC_WARN_64_TO_32_BIT_CONVERSION = YES;
				GCC_WARN_ABOUT_RETURN_TYPE = YES_ERROR;
				GCC_WARN_UNDECLARED_SELECTOR = YES;
				GCC_WARN_UNINITIALIZED_AUTOS = YES_AGGRESSIVE;
				GCC_WARN_UNUSED_FUNCTION = YES;
				GCC_WARN_UNUSED_VARIABLE = YES;
				IPHONEOS_DEPLOYMENT_TARGET = 13.2;
				MTL_ENABLE_DEBUG_INFO = NO;
				MTL_FAST_MATH = YES;
				SDKROOT = iphoneos;
				SWIFT_COMPILATION_MODE = wholemodule;
				SWIFT_OPTIMIZATION_LEVEL = "-O";
				VALIDATE_PRODUCT = YES;
			};
			name = Release;
		};
		32FB9F1C240FF4C600EDF571 /* Debug */ = {
			isa = XCBuildConfiguration;
			buildSettings = {
				ASSETCATALOG_COMPILER_APPICON_NAME = AppIcon;
				CODE_SIGN_STYLE = Automatic;
				DEVELOPMENT_TEAM = U83ZCJN6UA;
				INFOPLIST_FILE = "Loan Calculator/Info.plist";
				LD_RUNPATH_SEARCH_PATHS = (
					"$(inherited)",
					"@executable_path/Frameworks",
				);
				PRODUCT_BUNDLE_IDENTIFIER = "mobile.gsu.Loan-Calculator";
				PRODUCT_NAME = "$(TARGET_NAME)";
				SWIFT_VERSION = 5.0;
				TARGETED_DEVICE_FAMILY = "1,2";
			};
			name = Debug;
		};
		32FB9F1D240FF4C600EDF571 /* Release */ = {
			isa = XCBuildConfiguration;
			buildSettings = {
				ASSETCATALOG_COMPILER_APPICON_NAME = AppIcon;
				CODE_SIGN_STYLE = Automatic;
				DEVELOPMENT_TEAM = U83ZCJN6UA;
				INFOPLIST_FILE = "Loan Calculator/Info.plist";
				LD_RUNPATH_SEARCH_PATHS = (
					"$(inherited)",
					"@executable_path/Frameworks",
				);
				PRODUCT_BUNDLE_IDENTIFIER = "mobile.gsu.Loan-Calculator";
				PRODUCT_NAME = "$(TARGET_NAME)";
				SWIFT_VERSION = 5.0;
				TARGETED_DEVICE_FAMILY = "1,2";
			};
			name = Release;
		};
		32FB9F1F240FF4C600EDF571 /* Debug */ = {
			isa = XCBuildConfiguration;
			buildSettings = {
				ALWAYS_EMBED_SWIFT_STANDARD_LIBRARIES = YES;
				BUNDLE_LOADER = "$(TEST_HOST)";
				CODE_SIGN_STYLE = Automatic;
				DEVELOPMENT_TEAM = U83ZCJN6UA;
				INFOPLIST_FILE = "Loan CalculatorTests/Info.plist";
				IPHONEOS_DEPLOYMENT_TARGET = 13.2;
				LD_RUNPATH_SEARCH_PATHS = (
					"$(inherited)",
					"@executable_path/Frameworks",
					"@loader_path/Frameworks",
				);
				PRODUCT_BUNDLE_IDENTIFIER = "mobile.gsu.Loan-CalculatorTests";
				PRODUCT_NAME = "$(TARGET_NAME)";
				SWIFT_VERSION = 5.0;
				TARGETED_DEVICE_FAMILY = "1,2";
				TEST_HOST = "$(BUILT_PRODUCTS_DIR)/Loan Calculator.app/Loan Calculator";
			};
			name = Debug;
		};
		32FB9F20240FF4C600EDF571 /* Release */ = {
			isa = XCBuildConfiguration;
			buildSettings = {
				ALWAYS_EMBED_SWIFT_STANDARD_LIBRARIES = YES;
				BUNDLE_LOADER = "$(TEST_HOST)";
				CODE_SIGN_STYLE = Automatic;
				DEVELOPMENT_TEAM = U83ZCJN6UA;
				INFOPLIST_FILE = "Loan CalculatorTests/Info.plist";
				IPHONEOS_DEPLOYMENT_TARGET = 13.2;
				LD_RUNPATH_SEARCH_PATHS = (
					"$(inherited)",
					"@executable_path/Frameworks",
					"@loader_path/Frameworks",
				);
				PRODUCT_BUNDLE_IDENTIFIER = "mobile.gsu.Loan-CalculatorTests";
				PRODUCT_NAME = "$(TARGET_NAME)";
				SWIFT_VERSION = 5.0;
				TARGETED_DEVICE_FAMILY = "1,2";
				TEST_HOST = "$(BUILT_PRODUCTS_DIR)/Loan Calculator.app/Loan Calculator";
			};
			name = Release;
		};
		32FB9F22240FF4C600EDF571 /* Debug */ = {
			isa = XCBuildConfiguration;
			buildSettings = {
				ALWAYS_EMBED_SWIFT_STANDARD_LIBRARIES = YES;
				CODE_SIGN_STYLE = Automatic;
				DEVELOPMENT_TEAM = U83ZCJN6UA;
				INFOPLIST_FILE = "Loan CalculatorUITests/Info.plist";
				LD_RUNPATH_SEARCH_PATHS = (
					"$(inherited)",
					"@executable_path/Frameworks",
					"@loader_path/Frameworks",
				);
				PRODUCT_BUNDLE_IDENTIFIER = "mobile.gsu.Loan-CalculatorUITests";
				PRODUCT_NAME = "$(TARGET_NAME)";
				SWIFT_VERSION = 5.0;
				TARGETED_DEVICE_FAMILY = "1,2";
				TEST_TARGET_NAME = "Loan Calculator";
			};
			name = Debug;
		};
		32FB9F23240FF4C600EDF571 /* Release */ = {
			isa = XCBuildConfiguration;
			buildSettings = {
				ALWAYS_EMBED_SWIFT_STANDARD_LIBRARIES = YES;
				CODE_SIGN_STYLE = Automatic;
				DEVELOPMENT_TEAM = U83ZCJN6UA;
				INFOPLIST_FILE = "Loan CalculatorUITests/Info.plist";
				LD_RUNPATH_SEARCH_PATHS = (
					"$(inherited)",
					"@executable_path/Frameworks",
					"@loader_path/Frameworks",
				);
				PRODUCT_BUNDLE_IDENTIFIER = "mobile.gsu.Loan-CalculatorUITests";
				PRODUCT_NAME = "$(TARGET_NAME)";
				SWIFT_VERSION = 5.0;
				TARGETED_DEVICE_FAMILY = "1,2";
				TEST_TARGET_NAME = "Loan Calculator";
			};
			name = Release;
		};
/* End XCBuildConfiguration section */

/* Begin XCConfigurationList section */
		32FB9EEC240FF4C200EDF571 /* Build configuration list for PBXProject "Loan Calculator" */ = {
			isa = XCConfigurationList;
			buildConfigurations = (
				32FB9F19240FF4C600EDF571 /* Debug */,
				32FB9F1A240FF4C600EDF571 /* Release */,
			);
			defaultConfigurationIsVisible = 0;
			defaultConfigurationName = Release;
		};
		32FB9F1B240FF4C600EDF571 /* Build configuration list for PBXNativeTarget "Loan Calculator" */ = {
			isa = XCConfigurationList;
			buildConfigurations = (
				32FB9F1C240FF4C600EDF571 /* Debug */,
				32FB9F1D240FF4C600EDF571 /* Release */,
			);
			defaultConfigurationIsVisible = 0;
			defaultConfigurationName = Release;
		};
		32FB9F1E240FF4C600EDF571 /* Build configuration list for PBXNativeTarget "Loan CalculatorTests" */ = {
			isa = XCConfigurationList;
			buildConfigurations = (
				32FB9F1F240FF4C600EDF571 /* Debug */,
				32FB9F20240FF4C600EDF571 /* Release */,
			);
			defaultConfigurationIsVisible = 0;
			defaultConfigurationName = Release;
		};
		32FB9F21240FF4C600EDF571 /* Build configuration list for PBXNativeTarget "Loan CalculatorUITests" */ = {
			isa = XCConfigurationList;
			buildConfigurations = (
				32FB9F22240FF4C600EDF571 /* Debug */,
				32FB9F23240FF4C600EDF571 /* Release */,
			);
			defaultConfigurationIsVisible = 0;
			defaultConfigurationName = Release;
		};
/* End XCConfigurationList section */
	};
	rootObject = 32FB9EE9240FF4C200EDF571 /* Project object */;
}
